
Microsoft Visual Studio Solution File, Format Version 12.00
# Visual Studio Version 17
VisualStudioVersion = 17.0.31903.59
MinimumVisualStudioVersion = 10.0.40219.1
Project("{FAE04EC0-301F-11D3-BF4B-00C04F79EFBC}") = "fuckWorld", "fuckWorld\fuckWorld.csproj", "{D5176EA0-A498-4ABB-944D-002AB83478F2}"
EndProject
Project("{FAE04EC0-301F-11D3-BF4B-00C04F79EFBC}") = "FirstMauiApp", "FirstMauiApp\FirstMauiApp.csproj", "{28AC3DFC-67D4-41BE-8E08-8471864D87B9}"
EndProject
Global
	GlobalSection(SolutionConfigurationPlatforms) = preSolution
		Debug|Any CPU = Debug|Any CPU
		Release|Any CPU = Release|Any CPU
	EndGlobalSection
	GlobalSection(SolutionProperties) = preSolution
		HideSolutionNode = FALSE
	EndGlobalSection
	GlobalSection(ProjectConfigurationPlatforms) = postSolution
		{D5176EA0-A498-4ABB-944D-002AB83478F2}.Debug|Any CPU.ActiveCfg = Debug|Any CPU
		{D5176EA0-A498-4ABB-944D-002AB83478F2}.Debug|Any CPU.Build.0 = Debug|Any CPU
		{D5176EA0-A498-4ABB-944D-002AB83478F2}.Release|Any CPU.ActiveCfg = Release|Any CPU
		{D5176EA0-A498-4ABB-944D-002AB83478F2}.Release|Any CPU.Build.0 = Release|Any CPU
		{28AC3DFC-67D4-41BE-8E08-8471864D87B9}.Debug|Any CPU.ActiveCfg = Debug|Any CPU
		{28AC3DFC-67D4-41BE-8E08-8471864D87B9}.Debug|Any CPU.Build.0 = Debug|Any CPU
		{28AC3DFC-67D4-41BE-8E08-8471864D87B9}.Release|Any CPU.ActiveCfg = Release|Any CPU
		{28AC3DFC-67D4-41BE-8E08-8471864D87B9}.Release|Any CPU.Build.0 = Release|Any CPU
	EndGlobalSection
EndGlobal
